// !$*UTF8*$!
{
	archiveVersion = 1;
	classes = {
	};
	objectVersion = 50;
	objects = {

/* Begin PBXBuildFile section */
		6A3C71192480B8620073B37A /* AppDelegate.swift in Sources */ = {isa = PBXBuildFile; fileRef = 6A3C71182480B8620073B37A /* AppDelegate.swift */; };
		6A3C711B2480B8620073B37A /* SceneDelegate.swift in Sources */ = {isa = PBXBuildFile; fileRef = 6A3C711A2480B8620073B37A /* SceneDelegate.swift */; };
		6A3C711D2480B8620073B37A /* ViewController.swift in Sources */ = {isa = PBXBuildFile; fileRef = 6A3C711C2480B8620073B37A /* ViewController.swift */; };
		6A3C71202480B8620073B37A /* Main.storyboard in Resources */ = {isa = PBXBuildFile; fileRef = 6A3C711E2480B8620073B37A /* Main.storyboard */; };
		6A3C71222480B8640073B37A /* Assets.xcassets in Resources */ = {isa = PBXBuildFile; fileRef = 6A3C71212480B8640073B37A /* Assets.xcassets */; };
		6A3C71252480B8640073B37A /* LaunchScreen.storyboard in Resources */ = {isa = PBXBuildFile; fileRef = 6A3C71232480B8640073B37A /* LaunchScreen.storyboard */; };
		6A3C712D2480BDA30073B37A /* FichaTecnica.swift in Sources */ = {isa = PBXBuildFile; fileRef = 6A3C712C2480BDA30073B37A /* FichaTecnica.swift */; };
		6A3C71322480D2340073B37A /* MenuPrincipalViewController.swift in Sources */ = {isa = PBXBuildFile; fileRef = 6A3C71312480D2340073B37A /* MenuPrincipalViewController.swift */; };
		6A3C71342480D27A0073B37A /* TipoMascotaViewController.swift in Sources */ = {isa = PBXBuildFile; fileRef = 6A3C71332480D27A0073B37A /* TipoMascotaViewController.swift */; };
		6A3C71362480D29C0073B37A /* PerroViewController.swift in Sources */ = {isa = PBXBuildFile; fileRef = 6A3C71352480D29C0073B37A /* PerroViewController.swift */; };
		6A3C71382480D2BE0073B37A /* GatoViewController.swift in Sources */ = {isa = PBXBuildFile; fileRef = 6A3C71372480D2BE0073B37A /* GatoViewController.swift */; };
		6A3C713A2480D2E40073B37A /* HorarioViewController.swift in Sources */ = {isa = PBXBuildFile; fileRef = 6A3C71392480D2E40073B37A /* HorarioViewController.swift */; };
		6A3C713C2480D3160073B37A /* AudioViewController.swift in Sources */ = {isa = PBXBuildFile; fileRef = 6A3C713B2480D3160073B37A /* AudioViewController.swift */; };
		6A3C713E2480D3440073B37A /* MonitoreoNivelViewController.swift in Sources */ = {isa = PBXBuildFile; fileRef = 6A3C713D2480D3440073B37A /* MonitoreoNivelViewController.swift */; };
		6A3C71402480D36C0073B37A /* NivelAlimentoViewController.swift in Sources */ = {isa = PBXBuildFile; fileRef = 6A3C713F2480D36C0073B37A /* NivelAlimentoViewController.swift */; };
		6A3C71422480D3890073B37A /* NivelAguaViewController.swift in Sources */ = {isa = PBXBuildFile; fileRef = 6A3C71412480D3890073B37A /* NivelAguaViewController.swift */; };
		6A3C71442480D3D50073B37A /* FichaTecnicaViewController.swift in Sources */ = {isa = PBXBuildFile; fileRef = 6A3C71432480D3D50073B37A /* FichaTecnicaViewController.swift */; };
		6A3C71462480D4000073B37A /* EditarPerfilViewController.swift in Sources */ = {isa = PBXBuildFile; fileRef = 6A3C71452480D4000073B37A /* EditarPerfilViewController.swift */; };
		6A3C71492480FEA50073B37A /* InformationCell.swift in Sources */ = {isa = PBXBuildFile; fileRef = 6A3C71472480FEA50073B37A /* InformationCell.swift */; };
		6A3C714A2480FEA50073B37A /* InformationCell.xib in Resources */ = {isa = PBXBuildFile; fileRef = 6A3C71482480FEA50073B37A /* InformationCell.xib */; };
		6A3C714D248102930073B37A /* HeaderScheduleCell.swift in Sources */ = {isa = PBXBuildFile; fileRef = 6A3C714B248102930073B37A /* HeaderScheduleCell.swift */; };
		6A3C714E248102930073B37A /* HeaderScheduleCell.xib in Resources */ = {isa = PBXBuildFile; fileRef = 6A3C714C248102930073B37A /* HeaderScheduleCell.xib */; };
		6A3C7151248104050073B37A /* InformationScheduleCell.swift in Sources */ = {isa = PBXBuildFile; fileRef = 6A3C714F248104050073B37A /* InformationScheduleCell.swift */; };
		6A3C7152248104050073B37A /* InformationScheduleCell.xib in Resources */ = {isa = PBXBuildFile; fileRef = 6A3C7150248104050073B37A /* InformationScheduleCell.xib */; };
/* End PBXBuildFile section */

/* Begin PBXFileReference section */
		6A3C71152480B8620073B37A /* DALMApp.app */ = {isa = PBXFileReference; explicitFileType = wrapper.application; includeInIndex = 0; path = DALMApp.app; sourceTree = BUILT_PRODUCTS_DIR; };
		6A3C71182480B8620073B37A /* AppDelegate.swift */ = {isa = PBXFileReference; lastKnownFileType = sourcecode.swift; path = AppDelegate.swift; sourceTree = "<group>"; };
		6A3C711A2480B8620073B37A /* SceneDelegate.swift */ = {isa = PBXFileReference; lastKnownFileType = sourcecode.swift; path = SceneDelegate.swift; sourceTree = "<group>"; };
		6A3C711C2480B8620073B37A /* ViewController.swift */ = {isa = PBXFileReference; lastKnownFileType = sourcecode.swift; path = ViewController.swift; sourceTree = "<group>"; };
		6A3C711F2480B8620073B37A /* Base */ = {isa = PBXFileReference; lastKnownFileType = file.storyboard; name = Base; path = Base.lproj/Main.storyboard; sourceTree = "<group>"; };
		6A3C71212480B8640073B37A /* Assets.xcassets */ = {isa = PBXFileReference; lastKnownFileType = folder.assetcatalog; path = Assets.xcassets; sourceTree = "<group>"; };
		6A3C71242480B8640073B37A /* Base */ = {isa = PBXFileReference; lastKnownFileType = file.storyboard; name = Base; path = Base.lproj/LaunchScreen.storyboard; sourceTree = "<group>"; };
		6A3C71262480B8640073B37A /* Info.plist */ = {isa = PBXFileReference; lastKnownFileType = text.plist.xml; path = Info.plist; sourceTree = "<group>"; };
		6A3C712C2480BDA30073B37A /* FichaTecnica.swift */ = {isa = PBXFileReference; lastKnownFileType = sourcecode.swift; path = FichaTecnica.swift; sourceTree = "<group>"; };
		6A3C71312480D2340073B37A /* MenuPrincipalViewController.swift */ = {isa = PBXFileReference; lastKnownFileType = sourcecode.swift; path = MenuPrincipalViewController.swift; sourceTree = "<group>"; };
		6A3C71332480D27A0073B37A /* TipoMascotaViewController.swift */ = {isa = PBXFileReference; lastKnownFileType = sourcecode.swift; path = TipoMascotaViewController.swift; sourceTree = "<group>"; };
		6A3C71352480D29C0073B37A /* PerroViewController.swift */ = {isa = PBXFileReference; lastKnownFileType = sourcecode.swift; path = PerroViewController.swift; sourceTree = "<group>"; };
		6A3C71372480D2BE0073B37A /* GatoViewController.swift */ = {isa = PBXFileReference; lastKnownFileType = sourcecode.swift; path = GatoViewController.swift; sourceTree = "<group>"; };
		6A3C71392480D2E40073B37A /* HorarioViewController.swift */ = {isa = PBXFileReference; lastKnownFileType = sourcecode.swift; path = HorarioViewController.swift; sourceTree = "<group>"; };
		6A3C713B2480D3160073B37A /* AudioViewController.swift */ = {isa = PBXFileReference; lastKnownFileType = sourcecode.swift; path = AudioViewController.swift; sourceTree = "<group>"; };
		6A3C713D2480D3440073B37A /* MonitoreoNivelViewController.swift */ = {isa = PBXFileReference; lastKnownFileType = sourcecode.swift; path = MonitoreoNivelViewController.swift; sourceTree = "<group>"; };
		6A3C713F2480D36C0073B37A /* NivelAlimentoViewController.swift */ = {isa = PBXFileReference; lastKnownFileType = sourcecode.swift; path = NivelAlimentoViewController.swift; sourceTree = "<group>"; };
		6A3C71412480D3890073B37A /* NivelAguaViewController.swift */ = {isa = PBXFileReference; lastKnownFileType = sourcecode.swift; path = NivelAguaViewController.swift; sourceTree = "<group>"; };
		6A3C71432480D3D50073B37A /* FichaTecnicaViewController.swift */ = {isa = PBXFileReference; lastKnownFileType = sourcecode.swift; path = FichaTecnicaViewController.swift; sourceTree = "<group>"; };
		6A3C71452480D4000073B37A /* EditarPerfilViewController.swift */ = {isa = PBXFileReference; lastKnownFileType = sourcecode.swift; path = EditarPerfilViewController.swift; sourceTree = "<group>"; };
		6A3C71472480FEA50073B37A /* InformationCell.swift */ = {isa = PBXFileReference; lastKnownFileType = sourcecode.swift; path = InformationCell.swift; sourceTree = "<group>"; };
		6A3C71482480FEA50073B37A /* InformationCell.xib */ = {isa = PBXFileReference; lastKnownFileType = file.xib; path = InformationCell.xib; sourceTree = "<group>"; };
		6A3C714B248102930073B37A /* HeaderScheduleCell.swift */ = {isa = PBXFileReference; lastKnownFileType = sourcecode.swift; path = HeaderScheduleCell.swift; sourceTree = "<group>"; };
		6A3C714C248102930073B37A /* HeaderScheduleCell.xib */ = {isa = PBXFileReference; lastKnownFileType = file.xib; path = HeaderScheduleCell.xib; sourceTree = "<group>"; };
		6A3C714F248104050073B37A /* InformationScheduleCell.swift */ = {isa = PBXFileReference; lastKnownFileType = sourcecode.swift; path = InformationScheduleCell.swift; sourceTree = "<group>"; };
		6A3C7150248104050073B37A /* InformationScheduleCell.xib */ = {isa = PBXFileReference; lastKnownFileType = file.xib; path = InformationScheduleCell.xib; sourceTree = "<group>"; };
/* End PBXFileReference section */

/* Begin PBXFrameworksBuildPhase section */
		6A3C71122480B8620073B37A /* Frameworks */ = {
			isa = PBXFrameworksBuildPhase;
			buildActionMask = 2147483647;
			files = (
			);
			runOnlyForDeploymentPostprocessing = 0;
		};
/* End PBXFrameworksBuildPhase section */

/* Begin PBXGroup section */
		6A3C710C2480B8620073B37A = {
			isa = PBXGroup;
			children = (
				6A3C71172480B8620073B37A /* DALMApp */,
				6A3C71162480B8620073B37A /* Products */,
			);
			sourceTree = "<group>";
		};
		6A3C71162480B8620073B37A /* Products */ = {
			isa = PBXGroup;
			children = (
				6A3C71152480B8620073B37A /* DALMApp.app */,
			);
			name = Products;
			sourceTree = "<group>";
		};
		6A3C71172480B8620073B37A /* DALMApp */ = {
			isa = PBXGroup;
			children = (
				6A3C71182480B8620073B37A /* AppDelegate.swift */,
				6A3C711A2480B8620073B37A /* SceneDelegate.swift */,
				6A3C712E2480BDD90073B37A /* Modelo */,
				6A3C712F2480BDFE0073B37A /* Vista */,
				6A3C71302480BE0C0073B37A /* Controlador */,
				6A3C71212480B8640073B37A /* Assets.xcassets */,
				6A3C71232480B8640073B37A /* LaunchScreen.storyboard */,
				6A3C71262480B8640073B37A /* Info.plist */,
			);
			path = DALMApp;
			sourceTree = "<group>";
		};
		6A3C712E2480BDD90073B37A /* Modelo */ = {
			isa = PBXGroup;
			children = (
				6A3C712C2480BDA30073B37A /* FichaTecnica.swift */,
			);
			path = Modelo;
			sourceTree = "<group>";
		};
		6A3C712F2480BDFE0073B37A /* Vista */ = {
			isa = PBXGroup;
			children = (
				6A3C711E2480B8620073B37A /* Main.storyboard */,
				6A3C71472480FEA50073B37A /* InformationCell.swift */,
				6A3C71482480FEA50073B37A /* InformationCell.xib */,
				6A3C714B248102930073B37A /* HeaderScheduleCell.swift */,
				6A3C714C248102930073B37A /* HeaderScheduleCell.xib */,
				6A3C714F248104050073B37A /* InformationScheduleCell.swift */,
				6A3C7150248104050073B37A /* InformationScheduleCell.xib */,
			);
			path = Vista;
			sourceTree = "<group>";
		};
		6A3C71302480BE0C0073B37A /* Controlador */ = {
			isa = PBXGroup;
			children = (
				6A3C711C2480B8620073B37A /* ViewController.swift */,
				6A3C71312480D2340073B37A /* MenuPrincipalViewController.swift */,
				6A3C71332480D27A0073B37A /* TipoMascotaViewController.swift */,
				6A3C71352480D29C0073B37A /* PerroViewController.swift */,
				6A3C71372480D2BE0073B37A /* GatoViewController.swift */,
				6A3C71392480D2E40073B37A /* HorarioViewController.swift */,
				6A3C713B2480D3160073B37A /* AudioViewController.swift */,
				6A3C713D2480D3440073B37A /* MonitoreoNivelViewController.swift */,
				6A3C713F2480D36C0073B37A /* NivelAlimentoViewController.swift */,
				6A3C71412480D3890073B37A /* NivelAguaViewController.swift */,
				6A3C71432480D3D50073B37A /* FichaTecnicaViewController.swift */,
				6A3C71452480D4000073B37A /* EditarPerfilViewController.swift */,
			);
			path = Controlador;
			sourceTree = "<group>";
		};
/* End PBXGroup section */

/* Begin PBXNativeTarget section */
		6A3C71142480B8620073B37A /* DALMApp */ = {
			isa = PBXNativeTarget;
			buildConfigurationList = 6A3C71292480B8640073B37A /* Build configuration list for PBXNativeTarget "DALMApp" */;
			buildPhases = (
				6A3C71112480B8620073B37A /* Sources */,
				6A3C71122480B8620073B37A /* Frameworks */,
				6A3C71132480B8620073B37A /* Resources */,
			);
			buildRules = (
			);
			dependencies = (
			);
			name = DALMApp;
			productName = DALMApp;
			productReference = 6A3C71152480B8620073B37A /* DALMApp.app */;
			productType = "com.apple.product-type.application";
		};
/* End PBXNativeTarget section */

/* Begin PBXProject section */
		6A3C710D2480B8620073B37A /* Project object */ = {
			isa = PBXProject;
			attributes = {
				LastSwiftUpdateCheck = 1120;
				LastUpgradeCheck = 1120;
				ORGANIZATIONNAME = DALMApp;
				TargetAttributes = {
					6A3C71142480B8620073B37A = {
						CreatedOnToolsVersion = 11.2.1;
					};
				};
			};
			buildConfigurationList = 6A3C71102480B8620073B37A /* Build configuration list for PBXProject "DALMApp" */;
			compatibilityVersion = "Xcode 9.3";
			developmentRegion = en;
			hasScannedForEncodings = 0;
			knownRegions = (
				en,
				Base,
			);
			mainGroup = 6A3C710C2480B8620073B37A;
			productRefGroup = 6A3C71162480B8620073B37A /* Products */;
			projectDirPath = "";
			projectRoot = "";
			targets = (
				6A3C71142480B8620073B37A /* DALMApp */,
			);
		};
/* End PBXProject section */

/* Begin PBXResourcesBuildPhase section */
		6A3C71132480B8620073B37A /* Resources */ = {
			isa = PBXResourcesBuildPhase;
			buildActionMask = 2147483647;
			files = (
				6A3C71252480B8640073B37A /* LaunchScreen.storyboard in Resources */,
				6A3C71222480B8640073B37A /* Assets.xcassets in Resources */,
				6A3C714A2480FEA50073B37A /* InformationCell.xib in Resources */,
				6A3C7152248104050073B37A /* InformationScheduleCell.xib in Resources */,
				6A3C71202480B8620073B37A /* Main.storyboard in Resources */,
				6A3C714E248102930073B37A /* HeaderScheduleCell.xib in Resources */,
			);
			runOnlyForDeploymentPostprocessing = 0;
		};
/* End PBXResourcesBuildPhase section */

/* Begin PBXSourcesBuildPhase section */
		6A3C71112480B8620073B37A /* Sources */ = {
			isa = PBXSourcesBuildPhase;
			buildActionMask = 2147483647;
			files = (
				6A3C71322480D2340073B37A /* MenuPrincipalViewController.swift in Sources */,
				6A3C711D2480B8620073B37A /* ViewController.swift in Sources */,
				6A3C71192480B8620073B37A /* AppDelegate.swift in Sources */,
				6A3C71342480D27A0073B37A /* TipoMascotaViewController.swift in Sources */,
				6A3C714D248102930073B37A /* HeaderScheduleCell.swift in Sources */,
				6A3C71442480D3D50073B37A /* FichaTecnicaViewController.swift in Sources */,
				6A3C713E2480D3440073B37A /* MonitoreoNivelViewController.swift in Sources */,
				6A3C7151248104050073B37A /* InformationScheduleCell.swift in Sources */,
				6A3C71492480FEA50073B37A /* InformationCell.swift in Sources */,
				6A3C71422480D3890073B37A /* NivelAguaViewController.swift in Sources */,
				6A3C711B2480B8620073B37A /* SceneDelegate.swift in Sources */,
				6A3C71402480D36C0073B37A /* NivelAlimentoViewController.swift in Sources */,
				6A3C71462480D4000073B37A /* EditarPerfilViewController.swift in Sources */,
				6A3C713A2480D2E40073B37A /* HorarioViewController.swift in Sources */,
				6A3C71382480D2BE0073B37A /* GatoViewController.swift in Sources */,
				6A3C71362480D29C0073B37A /* PerroViewController.swift in Sources */,
				6A3C712D2480BDA30073B37A /* FichaTecnica.swift in Sources */,
				6A3C713C2480D3160073B37A /* AudioViewController.swift in Sources */,
			);
			runOnlyForDeploymentPostprocessing = 0;
		};
/* End PBXSourcesBuildPhase section */

/* Begin PBXVariantGroup section */
		6A3C711E2480B8620073B37A /* Main.storyboard */ = {
			isa = PBXVariantGroup;
			children = (
				6A3C711F2480B8620073B37A /* Base */,
			);
			name = Main.storyboard;
			sourceTree = "<group>";
		};
		6A3C71232480B8640073B37A /* LaunchScreen.storyboard */ = {
			isa = PBXVariantGroup;
			children = (
				6A3C71242480B8640073B37A /* Base */,
			);
			name = LaunchScreen.storyboard;
			sourceTree = "<group>";
		};
/* End PBXVariantGroup section */

/* Begin XCBuildConfiguration section */
		6A3C71272480B8640073B37A /* Debug */ = {
			isa = XCBuildConfiguration;
			buildSettings = {
				ALWAYS_SEARCH_USER_PATHS = NO;
				CLANG_ANALYZER_NONNULL = YES;
				CLANG_ANALYZER_NUMBER_OBJECT_CONVERSION = YES_AGGRESSIVE;
				CLANG_CXX_LANGUAGE_STANDARD = "gnu++14";
				CLANG_CXX_LIBRARY = "libc++";
				CLANG_ENABLE_MODULES = YES;
				CLANG_ENABLE_OBJC_ARC = YES;
				CLANG_ENABLE_OBJC_WEAK = YES;
				CLANG_WARN_BLOCK_CAPTURE_AUTORELEASING = YES;
				CLANG_WARN_BOOL_CONVERSION = YES;
				CLANG_WARN_COMMA = YES;
				CLANG_WARN_CONSTANT_CONVERSION = YES;
				CLANG_WARN_DEPRECATED_OBJC_IMPLEMENTATIONS = YES;
				CLANG_WARN_DIRECT_OBJC_ISA_USAGE = YES_ERROR;
				CLANG_WARN_DOCUMENTATION_COMMENTS = YES;
				CLANG_WARN_EMPTY_BODY = YES;
				CLANG_WARN_ENUM_CONVERSION = YES;
				CLANG_WARN_INFINITE_RECURSION = YES;
				CLANG_WARN_INT_CONVERSION = YES;
				CLANG_WARN_NON_LITERAL_NULL_CONVERSION = YES;
				CLANG_WARN_OBJC_IMPLICIT_RETAIN_SELF = YES;
				CLANG_WARN_OBJC_LITERAL_CONVERSION = YES;
				CLANG_WARN_OBJC_ROOT_CLASS = YES_ERROR;
				CLANG_WARN_RANGE_LOOP_ANALYSIS = YES;
				CLANG_WARN_STRICT_PROTOTYPES = YES;
				CLANG_WARN_SUSPICIOUS_MOVE = YES;
				CLANG_WARN_UNGUARDED_AVAILABILITY = YES_AGGRESSIVE;
				CLANG_WARN_UNREACHABLE_CODE = YES;
				CLANG_WARN__DUPLICATE_METHOD_MATCH = YES;
				COPY_PHASE_STRIP = NO;
				DEBUG_INFORMATION_FORMAT = dwarf;
				ENABLE_STRICT_OBJC_MSGSEND = YES;
				ENABLE_TESTABILITY = YES;
				GCC_C_LANGUAGE_STANDARD = gnu11;
				GCC_DYNAMIC_NO_PIC = NO;
				GCC_NO_COMMON_BLOCKS = YES;
				GCC_OPTIMIZATION_LEVEL = 0;
				GCC_PREPROCESSOR_DEFINITIONS = (
					"DEBUG=1",
					"$(inherited)",
				);
				GCC_WARN_64_TO_32_BIT_CONVERSION = YES;
				GCC_WARN_ABOUT_RETURN_TYPE = YES_ERROR;
				GCC_WARN_UNDECLARED_SELECTOR = YES;
				GCC_WARN_UNINITIALIZED_AUTOS = YES_AGGRESSIVE;
				GCC_WARN_UNUSED_FUNCTION = YES;
				GCC_WARN_UNUSED_VARIABLE = YES;
				IPHONEOS_DEPLOYMENT_TARGET = 13.2;
				MTL_ENABLE_DEBUG_INFO = INCLUDE_SOURCE;
				MTL_FAST_MATH = YES;
				ONLY_ACTIVE_ARCH = YES;
				SDKROOT = iphoneos;
				SWIFT_ACTIVE_COMPILATION_CONDITIONS = DEBUG;
				SWIFT_OPTIMIZATION_LEVEL = "-Onone";
			};
			name = Debug;
		};
		6A3C71282480B8640073B37A /* Release */ = {
			isa = XCBuildConfiguration;
			buildSettings = {
				ALWAYS_SEARCH_USER_PATHS = NO;
				CLANG_ANALYZER_NONNULL = YES;
				CLANG_ANALYZER_NUMBER_OBJECT_CONVERSION = YES_AGGRESSIVE;
				CLANG_CXX_LANGUAGE_STANDARD = "gnu++14";
				CLANG_CXX_LIBRARY = "libc++";
				CLANG_ENABLE_MODULES = YES;
				CLANG_ENABLE_OBJC_ARC = YES;
				CLANG_ENABLE_OBJC_WEAK = YES;
				CLANG_WARN_BLOCK_CAPTURE_AUTORELEASING = YES;
				CLANG_WARN_BOOL_CONVERSION = YES;
				CLANG_WARN_COMMA = YES;
				CLANG_WARN_CONSTANT_CONVERSION = YES;
				CLANG_WARN_DEPRECATED_OBJC_IMPLEMENTATIONS = YES;
				CLANG_WARN_DIRECT_OBJC_ISA_USAGE = YES_ERROR;
				CLANG_WARN_DOCUMENTATION_COMMENTS = YES;
				CLANG_WARN_EMPTY_BODY = YES;
				CLANG_WARN_ENUM_CONVERSION = YES;
				CLANG_WARN_INFINITE_RECURSION = YES;
				CLANG_WARN_INT_CONVERSION = YES;
				CLANG_WARN_NON_LITERAL_NULL_CONVERSION = YES;
				CLANG_WARN_OBJC_IMPLICIT_RETAIN_SELF = YES;
				CLANG_WARN_OBJC_LITERAL_CONVERSION = YES;
				CLANG_WARN_OBJC_ROOT_CLASS = YES_ERROR;
				CLANG_WARN_RANGE_LOOP_ANALYSIS = YES;
				CLANG_WARN_STRICT_PROTOTYPES = YES;
				CLANG_WARN_SUSPICIOUS_MOVE = YES;
				CLANG_WARN_UNGUARDED_AVAILABILITY = YES_AGGRESSIVE;
				CLANG_WARN_UNREACHABLE_CODE = YES;
				CLANG_WARN__DUPLICATE_METHOD_MATCH = YES;
				COPY_PHASE_STRIP = NO;
				DEBUG_INFORMATION_FORMAT = "dwarf-with-dsym";
				ENABLE_NS_ASSERTIONS = NO;
				ENABLE_STRICT_OBJC_MSGSEND = YES;
				GCC_C_LANGUAGE_STANDARD = gnu11;
				GCC_NO_COMMON_BLOCKS = YES;
				GCC_WARN_64_TO_32_BIT_CONVERSION = YES;
				GCC_WARN_ABOUT_RETURN_TYPE = YES_ERROR;
				GCC_WARN_UNDECLARED_SELECTOR = YES;
				GCC_WARN_UNINITIALIZED_AUTOS = YES_AGGRESSIVE;
				GCC_WARN_UNUSED_FUNCTION = YES;
				GCC_WARN_UNUSED_VARIABLE = YES;
				IPHONEOS_DEPLOYMENT_TARGET = 13.2;
				MTL_ENABLE_DEBUG_INFO = NO;
				MTL_FAST_MATH = YES;
				SDKROOT = iphoneos;
				SWIFT_COMPILATION_MODE = wholemodule;
				SWIFT_OPTIMIZATION_LEVEL = "-O";
				VALIDATE_PRODUCT = YES;
			};
			name = Release;
		};
		6A3C712A2480B8640073B37A /* Debug */ = {
			isa = XCBuildConfiguration;
			buildSettings = {
				ASSETCATALOG_COMPILER_APPICON_NAME = AppIcon;
				CODE_SIGN_STYLE = Automatic;
				DEVELOPMENT_TEAM = YAMZ6JL9QD;
				INFOPLIST_FILE = DALMApp/Info.plist;
				LD_RUNPATH_SEARCH_PATHS = (
					"$(inherited)",
					"@executable_path/Frameworks",
				);
				PRODUCT_BUNDLE_IDENTIFIER = com.DALMApp.DALMApp;
				PRODUCT_NAME = "$(TARGET_NAME)";
				SWIFT_VERSION = 5.0;
				TARGETED_DEVICE_FAMILY = "1,2";
			};
			name = Debug;
		};
		6A3C712B2480B8640073B37A /* Release */ = {
			isa = XCBuildConfiguration;
			buildSettings = {
				ASSETCATALOG_COMPILER_APPICON_NAME = AppIcon;
				CODE_SIGN_STYLE = Automatic;
				DEVELOPMENT_TEAM = YAMZ6JL9QD;
				INFOPLIST_FILE = DALMApp/Info.plist;
				LD_RUNPATH_SEARCH_PATHS = (
					"$(inherited)",
					"@executable_path/Frameworks",
				);
				PRODUCT_BUNDLE_IDENTIFIER = com.DALMApp.DALMApp;
				PRODUCT_NAME = "$(TARGET_NAME)";
				SWIFT_VERSION = 5.0;
				TARGETED_DEVICE_FAMILY = "1,2";
			};
			name = Release;
		};
/* End XCBuildConfiguration section */

/* Begin XCConfigurationList section */
		6A3C71102480B8620073B37A /* Build configuration list for PBXProject "DALMApp" */ = {
			isa = XCConfigurationList;
			buildConfigurations = (
				6A3C71272480B8640073B37A /* Debug */,
				6A3C71282480B8640073B37A /* Release */,
			);
			defaultConfigurationIsVisible = 0;
			defaultConfigurationName = Release;
		};
		6A3C71292480B8640073B37A /* Build configuration list for PBXNativeTarget "DALMApp" */ = {
			isa = XCConfigurationList;
			buildConfigurations = (
				6A3C712A2480B8640073B37A /* Debug */,
				6A3C712B2480B8640073B37A /* Release */,
			);
			defaultConfigurationIsVisible = 0;
			defaultConfigurationName = Release;
		};
/* End XCConfigurationList section */
	};
	rootObject = 6A3C710D2480B8620073B37A /* Project object */;
}
